
Microsoft Visual Studio Solution File, Format Version 12.00
# Visual Studio Version 17
VisualStudioVersion = 17.10.35027.167
MinimumVisualStudioVersion = 10.0.40219.1
Project("{FAE04EC0-301F-11D3-BF4B-00C04F79EFBC}") = "ProcessingService", "ProcessingService\ProcessingService.csproj", "{1FAB103F-EFF1-4B21-B73C-24D0837D64F0}"
EndProject
Global
	GlobalSection(SolutionConfigurationPlatforms) = preSolution
		Debug|Any CPU = Debug|Any CPU
		Release|Any CPU = Release|Any CPU
	EndGlobalSection
	GlobalSection(ProjectConfigurationPlatforms) = postSolution
		{1FAB103F-EFF1-4B21-B73C-24D0837D64F0}.Debug|Any CPU.ActiveCfg = Debug|Any CPU
		{1FAB103F-EFF1-4B21-B73C-24D0837D64F0}.Debug|Any CPU.Build.0 = Debug|Any CPU
		{1FAB103F-EFF1-4B21-B73C-24D0837D64F0}.Release|Any CPU.ActiveCfg = Release|Any CPU
		{1FAB103F-EFF1-4B21-B73C-24D0837D64F0}.Release|Any CPU.Build.0 = Release|Any CPU
	EndGlobalSection
	GlobalSection(SolutionProperties) = preSolution
		HideSolutionNode = FALSE
	EndGlobalSection
	GlobalSection(ExtensibilityGlobals) = postSolution
		SolutionGuid = {8B51CD74-8EEE-4D80-AA94-27A6BA1D8FA4}
	EndGlobalSection
EndGlobal
