
Microsoft Visual Studio Solution File, Format Version 12.00
# Visual Studio Version 17
VisualStudioVersion = 17.10.35027.167
MinimumVisualStudioVersion = 10.0.40219.1
Project("{FAE04EC0-301F-11D3-BF4B-00C04F79EFBC}") = "ParameterService", "ParameterService\ParameterService.csproj", "{3F05D2D4-8FC7-4154-91CF-1CCA7B3B0C34}"
EndProject
Global
	GlobalSection(SolutionConfigurationPlatforms) = preSolution
		Debug|Any CPU = Debug|Any CPU
		Release|Any CPU = Release|Any CPU
	EndGlobalSection
	GlobalSection(ProjectConfigurationPlatforms) = postSolution
		{3F05D2D4-8FC7-4154-91CF-1CCA7B3B0C34}.Debug|Any CPU.ActiveCfg = Debug|Any CPU
		{3F05D2D4-8FC7-4154-91CF-1CCA7B3B0C34}.Debug|Any CPU.Build.0 = Debug|Any CPU
		{3F05D2D4-8FC7-4154-91CF-1CCA7B3B0C34}.Release|Any CPU.ActiveCfg = Release|Any CPU
		{3F05D2D4-8FC7-4154-91CF-1CCA7B3B0C34}.Release|Any CPU.Build.0 = Release|Any CPU
	EndGlobalSection
	GlobalSection(SolutionProperties) = preSolution
		HideSolutionNode = FALSE
	EndGlobalSection
	GlobalSection(ExtensibilityGlobals) = postSolution
		SolutionGuid = {28713146-A1CB-4137-BA9F-B3E44259B1FB}
	EndGlobalSection
EndGlobal
